// !$*UTF8*$!
{
	archiveVersion = 1;
	classes = {
	};
	objectVersion = 50;
	objects = {

/* Begin PBXBuildFile section */
		454545BF22901DE60006132F /* AppDelegate.swift in Sources */ = {isa = PBXBuildFile; fileRef = 454545BE22901DE60006132F /* AppDelegate.swift */; };
		454545C122901DE60006132F /* NewsListViewController.swift in Sources */ = {isa = PBXBuildFile; fileRef = 454545C022901DE60006132F /* NewsListViewController.swift */; };
		454545C422901DE60006132F /* Main.storyboard in Resources */ = {isa = PBXBuildFile; fileRef = 454545C222901DE60006132F /* Main.storyboard */; };
		454545C722901DE60006132F /* TinkoffNews.xcdatamodeld in Sources */ = {isa = PBXBuildFile; fileRef = 454545C522901DE60006132F /* TinkoffNews.xcdatamodeld */; };
		454545C922901DE70006132F /* Assets.xcassets in Resources */ = {isa = PBXBuildFile; fileRef = 454545C822901DE70006132F /* Assets.xcassets */; };
		454545CC22901DE70006132F /* LaunchScreen.storyboard in Resources */ = {isa = PBXBuildFile; fileRef = 454545CA22901DE70006132F /* LaunchScreen.storyboard */; };
		454545DB22901EED0006132F /* NewsEntity.swift in Sources */ = {isa = PBXBuildFile; fileRef = 454545DA22901EED0006132F /* NewsEntity.swift */; };
		454545DD22901F140006132F /* CoreDataStack.swift in Sources */ = {isa = PBXBuildFile; fileRef = 454545DC22901F140006132F /* CoreDataStack.swift */; };
		454545DF229023DF0006132F /* NetworkManager.swift in Sources */ = {isa = PBXBuildFile; fileRef = 454545DE229023DF0006132F /* NetworkManager.swift */; };
		454545E322902D450006132F /* NewsTableViewCell.swift in Sources */ = {isa = PBXBuildFile; fileRef = 454545E122902D450006132F /* NewsTableViewCell.swift */; };
		454545E422902D450006132F /* NewsTableViewCell.xib in Resources */ = {isa = PBXBuildFile; fileRef = 454545E222902D450006132F /* NewsTableViewCell.xib */; };
		454545E722903AF70006132F /* AlertsManager.swift in Sources */ = {isa = PBXBuildFile; fileRef = 454545E622903AF70006132F /* AlertsManager.swift */; };
		454545E922904D250006132F /* DetailViewController.swift in Sources */ = {isa = PBXBuildFile; fileRef = 454545E822904D250006132F /* DetailViewController.swift */; };
		454545EC22904D990006132F /* WebKit.framework in Frameworks */ = {isa = PBXBuildFile; fileRef = 454545EB22904D990006132F /* WebKit.framework */; };
/* End PBXBuildFile section */

/* Begin PBXFileReference section */
		454545BB22901DE60006132F /* TinkoffNews.app */ = {isa = PBXFileReference; explicitFileType = wrapper.application; includeInIndex = 0; path = TinkoffNews.app; sourceTree = BUILT_PRODUCTS_DIR; };
		454545BE22901DE60006132F /* AppDelegate.swift */ = {isa = PBXFileReference; lastKnownFileType = sourcecode.swift; path = AppDelegate.swift; sourceTree = "<group>"; };
		454545C022901DE60006132F /* NewsListViewController.swift */ = {isa = PBXFileReference; lastKnownFileType = sourcecode.swift; path = NewsListViewController.swift; sourceTree = "<group>"; };
		454545C322901DE60006132F /* Base */ = {isa = PBXFileReference; lastKnownFileType = file.storyboard; name = Base; path = Base.lproj/Main.storyboard; sourceTree = "<group>"; };
		454545C622901DE60006132F /* TinkoffNews.xcdatamodel */ = {isa = PBXFileReference; lastKnownFileType = wrapper.xcdatamodel; path = TinkoffNews.xcdatamodel; sourceTree = "<group>"; };
		454545C822901DE70006132F /* Assets.xcassets */ = {isa = PBXFileReference; lastKnownFileType = folder.assetcatalog; path = Assets.xcassets; sourceTree = "<group>"; };
		454545CB22901DE70006132F /* Base */ = {isa = PBXFileReference; lastKnownFileType = file.storyboard; name = Base; path = Base.lproj/LaunchScreen.storyboard; sourceTree = "<group>"; };
		454545CD22901DE70006132F /* Info.plist */ = {isa = PBXFileReference; lastKnownFileType = text.plist.xml; path = Info.plist; sourceTree = "<group>"; };
		454545D622901EC00006132F /* NewsEntity+CoreDataClass.swift */ = {isa = PBXFileReference; lastKnownFileType = sourcecode.swift; path = "NewsEntity+CoreDataClass.swift"; sourceTree = "<group>"; };
		454545D722901EC00006132F /* NewsEntity+CoreDataProperties.swift */ = {isa = PBXFileReference; lastKnownFileType = sourcecode.swift; path = "NewsEntity+CoreDataProperties.swift"; sourceTree = "<group>"; };
		454545DA22901EED0006132F /* NewsEntity.swift */ = {isa = PBXFileReference; lastKnownFileType = sourcecode.swift; path = NewsEntity.swift; sourceTree = "<group>"; };
		454545DC22901F140006132F /* CoreDataStack.swift */ = {isa = PBXFileReference; lastKnownFileType = sourcecode.swift; path = CoreDataStack.swift; sourceTree = "<group>"; };
		454545DE229023DF0006132F /* NetworkManager.swift */ = {isa = PBXFileReference; lastKnownFileType = sourcecode.swift; path = NetworkManager.swift; sourceTree = "<group>"; };
		454545E122902D450006132F /* NewsTableViewCell.swift */ = {isa = PBXFileReference; lastKnownFileType = sourcecode.swift; path = NewsTableViewCell.swift; sourceTree = "<group>"; };
		454545E222902D450006132F /* NewsTableViewCell.xib */ = {isa = PBXFileReference; lastKnownFileType = file.xib; path = NewsTableViewCell.xib; sourceTree = "<group>"; };
		454545E622903AF70006132F /* AlertsManager.swift */ = {isa = PBXFileReference; lastKnownFileType = sourcecode.swift; path = AlertsManager.swift; sourceTree = "<group>"; };
		454545E822904D250006132F /* DetailViewController.swift */ = {isa = PBXFileReference; lastKnownFileType = sourcecode.swift; path = DetailViewController.swift; sourceTree = "<group>"; };
		454545EB22904D990006132F /* WebKit.framework */ = {isa = PBXFileReference; lastKnownFileType = wrapper.framework; name = WebKit.framework; path = System/Library/Frameworks/WebKit.framework; sourceTree = SDKROOT; };
/* End PBXFileReference section */

/* Begin PBXFrameworksBuildPhase section */
		454545B822901DE60006132F /* Frameworks */ = {
			isa = PBXFrameworksBuildPhase;
			buildActionMask = 2147483647;
			files = (
				454545EC22904D990006132F /* WebKit.framework in Frameworks */,
			);
			runOnlyForDeploymentPostprocessing = 0;
		};
/* End PBXFrameworksBuildPhase section */

/* Begin PBXGroup section */
		454545B222901DE60006132F = {
			isa = PBXGroup;
			children = (
				454545BD22901DE60006132F /* TinkoffNews */,
				454545BC22901DE60006132F /* Products */,
				454545EA22904D980006132F /* Frameworks */,
			);
			sourceTree = "<group>";
		};
		454545BC22901DE60006132F /* Products */ = {
			isa = PBXGroup;
			children = (
				454545BB22901DE60006132F /* TinkoffNews.app */,
			);
			name = Products;
			sourceTree = "<group>";
		};
		454545BD22901DE60006132F /* TinkoffNews */ = {
			isa = PBXGroup;
			children = (
				454545F122906BA60006132F /* News */,
				454545ED22906B540006132F /* App */,
				454545D322901E560006132F /* Supporting Files */,
			);
			path = TinkoffNews;
			sourceTree = "<group>";
		};
		454545D322901E560006132F /* Supporting Files */ = {
			isa = PBXGroup;
			children = (
				454545C822901DE70006132F /* Assets.xcassets */,
				454545CD22901DE70006132F /* Info.plist */,
			);
			path = "Supporting Files";
			sourceTree = "<group>";
		};
		454545D422901E8D0006132F /* CoreData */ = {
			isa = PBXGroup;
			children = (
				454545DC22901F140006132F /* CoreDataStack.swift */,
				454545D522901E960006132F /* Model */,
			);
			path = CoreData;
			sourceTree = "<group>";
		};
		454545D522901E960006132F /* Model */ = {
			isa = PBXGroup;
			children = (
				454545D622901EC00006132F /* NewsEntity+CoreDataClass.swift */,
				454545D722901EC00006132F /* NewsEntity+CoreDataProperties.swift */,
				454545DA22901EED0006132F /* NewsEntity.swift */,
				454545C522901DE60006132F /* TinkoffNews.xcdatamodeld */,
			);
			path = Model;
			sourceTree = "<group>";
		};
		454545E0229023E70006132F /* NetworkManager */ = {
			isa = PBXGroup;
			children = (
				454545DE229023DF0006132F /* NetworkManager.swift */,
			);
			path = NetworkManager;
			sourceTree = "<group>";
		};
		454545E522902EA40006132F /* NewsTableViewCell */ = {
			isa = PBXGroup;
			children = (
				454545E122902D450006132F /* NewsTableViewCell.swift */,
				454545E222902D450006132F /* NewsTableViewCell.xib */,
			);
			path = NewsTableViewCell;
			sourceTree = "<group>";
		};
		454545EA22904D980006132F /* Frameworks */ = {
			isa = PBXGroup;
			children = (
				454545EB22904D990006132F /* WebKit.framework */,
			);
			name = Frameworks;
			sourceTree = "<group>";
		};
		454545ED22906B540006132F /* App */ = {
			isa = PBXGroup;
			children = (
				454545F022906B980006132F /* View */,
				454545EF22906B7A0006132F /* Model */,
				454545EE22906B5D0006132F /* Controller */,
			);
			path = App;
			sourceTree = "<group>";
		};
		454545EE22906B5D0006132F /* Controller */ = {
			isa = PBXGroup;
			children = (
				454545BE22901DE60006132F /* AppDelegate.swift */,
			);
			path = Controller;
			sourceTree = "<group>";
		};
		454545EF22906B7A0006132F /* Model */ = {
			isa = PBXGroup;
			children = (
				454545E622903AF70006132F /* AlertsManager.swift */,
			);
			path = Model;
			sourceTree = "<group>";
		};
		454545F022906B980006132F /* View */ = {
			isa = PBXGroup;
			children = (
				454545CA22901DE70006132F /* LaunchScreen.storyboard */,
			);
			path = View;
			sourceTree = "<group>";
		};
		454545F122906BA60006132F /* News */ = {
			isa = PBXGroup;
			children = (
				454545F322906BCB0006132F /* Controller */,
				454545F222906BBB0006132F /* View */,
				454545E0229023E70006132F /* NetworkManager */,
				454545D422901E8D0006132F /* CoreData */,
			);
			path = News;
			sourceTree = "<group>";
		};
		454545F222906BBB0006132F /* View */ = {
			isa = PBXGroup;
			children = (
				454545C222901DE60006132F /* Main.storyboard */,
				454545E522902EA40006132F /* NewsTableViewCell */,
			);
			path = View;
			sourceTree = "<group>";
		};
		454545F322906BCB0006132F /* Controller */ = {
			isa = PBXGroup;
			children = (
				454545C022901DE60006132F /* NewsListViewController.swift */,
				454545E822904D250006132F /* DetailViewController.swift */,
			);
			path = Controller;
			sourceTree = "<group>";
		};
/* End PBXGroup section */

/* Begin PBXNativeTarget section */
		454545BA22901DE60006132F /* TinkoffNews */ = {
			isa = PBXNativeTarget;
			buildConfigurationList = 454545D022901DE70006132F /* Build configuration list for PBXNativeTarget "TinkoffNews" */;
			buildPhases = (
				454545B722901DE60006132F /* Sources */,
				454545B822901DE60006132F /* Frameworks */,
				454545B922901DE60006132F /* Resources */,
			);
			buildRules = (
			);
			dependencies = (
			);
			name = TinkoffNews;
			productName = TinkoffNews;
			productReference = 454545BB22901DE60006132F /* TinkoffNews.app */;
			productType = "com.apple.product-type.application";
		};
/* End PBXNativeTarget section */

/* Begin PBXProject section */
		454545B322901DE60006132F /* Project object */ = {
			isa = PBXProject;
			attributes = {
				LastSwiftUpdateCheck = 1020;
				LastUpgradeCheck = 1020;
				ORGANIZATIONNAME = "Valentin Kiselev";
				TargetAttributes = {
					454545BA22901DE60006132F = {
						CreatedOnToolsVersion = 10.2;
					};
				};
			};
			buildConfigurationList = 454545B622901DE60006132F /* Build configuration list for PBXProject "TinkoffNews" */;
			compatibilityVersion = "Xcode 9.3";
			developmentRegion = en;
			hasScannedForEncodings = 0;
			knownRegions = (
				en,
				Base,
			);
			mainGroup = 454545B222901DE60006132F;
			productRefGroup = 454545BC22901DE60006132F /* Products */;
			projectDirPath = "";
			projectRoot = "";
			targets = (
				454545BA22901DE60006132F /* TinkoffNews */,
			);
		};
/* End PBXProject section */

/* Begin PBXResourcesBuildPhase section */
		454545B922901DE60006132F /* Resources */ = {
			isa = PBXResourcesBuildPhase;
			buildActionMask = 2147483647;
			files = (
				454545CC22901DE70006132F /* LaunchScreen.storyboard in Resources */,
				454545C922901DE70006132F /* Assets.xcassets in Resources */,
				454545E422902D450006132F /* NewsTableViewCell.xib in Resources */,
				454545C422901DE60006132F /* Main.storyboard in Resources */,
			);
			runOnlyForDeploymentPostprocessing = 0;
		};
/* End PBXResourcesBuildPhase section */

/* Begin PBXSourcesBuildPhase section */
		454545B722901DE60006132F /* Sources */ = {
			isa = PBXSourcesBuildPhase;
			buildActionMask = 2147483647;
			files = (
				454545E922904D250006132F /* DetailViewController.swift in Sources */,
				454545DF229023DF0006132F /* NetworkManager.swift in Sources */,
				454545E322902D450006132F /* NewsTableViewCell.swift in Sources */,
				454545DD22901F140006132F /* CoreDataStack.swift in Sources */,
				454545C722901DE60006132F /* TinkoffNews.xcdatamodeld in Sources */,
				454545E722903AF70006132F /* AlertsManager.swift in Sources */,
				454545DB22901EED0006132F /* NewsEntity.swift in Sources */,
				454545C122901DE60006132F /* NewsListViewController.swift in Sources */,
				454545BF22901DE60006132F /* AppDelegate.swift in Sources */,
			);
			runOnlyForDeploymentPostprocessing = 0;
		};
/* End PBXSourcesBuildPhase section */

/* Begin PBXVariantGroup section */
		454545C222901DE60006132F /* Main.storyboard */ = {
			isa = PBXVariantGroup;
			children = (
				454545C322901DE60006132F /* Base */,
			);
			name = Main.storyboard;
			sourceTree = "<group>";
		};
		454545CA22901DE70006132F /* LaunchScreen.storyboard */ = {
			isa = PBXVariantGroup;
			children = (
				454545CB22901DE70006132F /* Base */,
			);
			name = LaunchScreen.storyboard;
			sourceTree = "<group>";
		};
/* End PBXVariantGroup section */

/* Begin XCBuildConfiguration section */
		454545CE22901DE70006132F /* Debug */ = {
			isa = XCBuildConfiguration;
			buildSettings = {
				ALWAYS_SEARCH_USER_PATHS = NO;
				CLANG_ANALYZER_NONNULL = YES;
				CLANG_ANALYZER_NUMBER_OBJECT_CONVERSION = YES_AGGRESSIVE;
				CLANG_CXX_LANGUAGE_STANDARD = "gnu++14";
				CLANG_CXX_LIBRARY = "libc++";
				CLANG_ENABLE_MODULES = YES;
				CLANG_ENABLE_OBJC_ARC = YES;
				CLANG_ENABLE_OBJC_WEAK = YES;
				CLANG_WARN_BLOCK_CAPTURE_AUTORELEASING = YES;
				CLANG_WARN_BOOL_CONVERSION = YES;
				CLANG_WARN_COMMA = YES;
				CLANG_WARN_CONSTANT_CONVERSION = YES;
				CLANG_WARN_DEPRECATED_OBJC_IMPLEMENTATIONS = YES;
				CLANG_WARN_DIRECT_OBJC_ISA_USAGE = YES_ERROR;
				CLANG_WARN_DOCUMENTATION_COMMENTS = YES;
				CLANG_WARN_EMPTY_BODY = YES;
				CLANG_WARN_ENUM_CONVERSION = YES;
				CLANG_WARN_INFINITE_RECURSION = YES;
				CLANG_WARN_INT_CONVERSION = YES;
				CLANG_WARN_NON_LITERAL_NULL_CONVERSION = YES;
				CLANG_WARN_OBJC_IMPLICIT_RETAIN_SELF = YES;
				CLANG_WARN_OBJC_LITERAL_CONVERSION = YES;
				CLANG_WARN_OBJC_ROOT_CLASS = YES_ERROR;
				CLANG_WARN_RANGE_LOOP_ANALYSIS = YES;
				CLANG_WARN_STRICT_PROTOTYPES = YES;
				CLANG_WARN_SUSPICIOUS_MOVE = YES;
				CLANG_WARN_UNGUARDED_AVAILABILITY = YES_AGGRESSIVE;
				CLANG_WARN_UNREACHABLE_CODE = YES;
				CLANG_WARN__DUPLICATE_METHOD_MATCH = YES;
				CODE_SIGN_IDENTITY = "iPhone Developer";
				COPY_PHASE_STRIP = NO;
				DEBUG_INFORMATION_FORMAT = dwarf;
				ENABLE_STRICT_OBJC_MSGSEND = YES;
				ENABLE_TESTABILITY = YES;
				GCC_C_LANGUAGE_STANDARD = gnu11;
				GCC_DYNAMIC_NO_PIC = NO;
				GCC_NO_COMMON_BLOCKS = YES;
				GCC_OPTIMIZATION_LEVEL = 0;
				GCC_PREPROCESSOR_DEFINITIONS = (
					"DEBUG=1",
					"$(inherited)",
				);
				GCC_WARN_64_TO_32_BIT_CONVERSION = YES;
				GCC_WARN_ABOUT_RETURN_TYPE = YES_ERROR;
				GCC_WARN_UNDECLARED_SELECTOR = YES;
				GCC_WARN_UNINITIALIZED_AUTOS = YES_AGGRESSIVE;
				GCC_WARN_UNUSED_FUNCTION = YES;
				GCC_WARN_UNUSED_VARIABLE = YES;
				IPHONEOS_DEPLOYMENT_TARGET = 12.2;
				MTL_ENABLE_DEBUG_INFO = INCLUDE_SOURCE;
				MTL_FAST_MATH = YES;
				ONLY_ACTIVE_ARCH = YES;
				SDKROOT = iphoneos;
				SWIFT_ACTIVE_COMPILATION_CONDITIONS = DEBUG;
				SWIFT_OPTIMIZATION_LEVEL = "-Onone";
			};
			name = Debug;
		};
		454545CF22901DE70006132F /* Release */ = {
			isa = XCBuildConfiguration;
			buildSettings = {
				ALWAYS_SEARCH_USER_PATHS = NO;
				CLANG_ANALYZER_NONNULL = YES;
				CLANG_ANALYZER_NUMBER_OBJECT_CONVERSION = YES_AGGRESSIVE;
				CLANG_CXX_LANGUAGE_STANDARD = "gnu++14";
				CLANG_CXX_LIBRARY = "libc++";
				CLANG_ENABLE_MODULES = YES;
				CLANG_ENABLE_OBJC_ARC = YES;
				CLANG_ENABLE_OBJC_WEAK = YES;
				CLANG_WARN_BLOCK_CAPTURE_AUTORELEASING = YES;
				CLANG_WARN_BOOL_CONVERSION = YES;
				CLANG_WARN_COMMA = YES;
				CLANG_WARN_CONSTANT_CONVERSION = YES;
				CLANG_WARN_DEPRECATED_OBJC_IMPLEMENTATIONS = YES;
				CLANG_WARN_DIRECT_OBJC_ISA_USAGE = YES_ERROR;
				CLANG_WARN_DOCUMENTATION_COMMENTS = YES;
				CLANG_WARN_EMPTY_BODY = YES;
				CLANG_WARN_ENUM_CONVERSION = YES;
				CLANG_WARN_INFINITE_RECURSION = YES;
				CLANG_WARN_INT_CONVERSION = YES;
				CLANG_WARN_NON_LITERAL_NULL_CONVERSION = YES;
				CLANG_WARN_OBJC_IMPLICIT_RETAIN_SELF = YES;
				CLANG_WARN_OBJC_LITERAL_CONVERSION = YES;
				CLANG_WARN_OBJC_ROOT_CLASS = YES_ERROR;
				CLANG_WARN_RANGE_LOOP_ANALYSIS = YES;
				CLANG_WARN_STRICT_PROTOTYPES = YES;
				CLANG_WARN_SUSPICIOUS_MOVE = YES;
				CLANG_WARN_UNGUARDED_AVAILABILITY = YES_AGGRESSIVE;
				CLANG_WARN_UNREACHABLE_CODE = YES;
				CLANG_WARN__DUPLICATE_METHOD_MATCH = YES;
				CODE_SIGN_IDENTITY = "iPhone Developer";
				COPY_PHASE_STRIP = NO;
				DEBUG_INFORMATION_FORMAT = "dwarf-with-dsym";
				ENABLE_NS_ASSERTIONS = NO;
				ENABLE_STRICT_OBJC_MSGSEND = YES;
				GCC_C_LANGUAGE_STANDARD = gnu11;
				GCC_NO_COMMON_BLOCKS = YES;
				GCC_WARN_64_TO_32_BIT_CONVERSION = YES;
				GCC_WARN_ABOUT_RETURN_TYPE = YES_ERROR;
				GCC_WARN_UNDECLARED_SELECTOR = YES;
				GCC_WARN_UNINITIALIZED_AUTOS = YES_AGGRESSIVE;
				GCC_WARN_UNUSED_FUNCTION = YES;
				GCC_WARN_UNUSED_VARIABLE = YES;
				IPHONEOS_DEPLOYMENT_TARGET = 12.2;
				MTL_ENABLE_DEBUG_INFO = NO;
				MTL_FAST_MATH = YES;
				SDKROOT = iphoneos;
				SWIFT_COMPILATION_MODE = wholemodule;
				SWIFT_OPTIMIZATION_LEVEL = "-O";
				VALIDATE_PRODUCT = YES;
			};
			name = Release;
		};
		454545D122901DE70006132F /* Debug */ = {
			isa = XCBuildConfiguration;
			buildSettings = {
				ASSETCATALOG_COMPILER_APPICON_NAME = AppIcon;
				CODE_SIGN_STYLE = Automatic;
				DEVELOPMENT_TEAM = 2ZG5VTK82Y;
				INFOPLIST_FILE = "$(SRCROOT)/TinkoffNews/Supporting Files/Info.plist";
				LD_RUNPATH_SEARCH_PATHS = (
					"$(inherited)",
					"@executable_path/Frameworks",
				);
				PRODUCT_BUNDLE_IDENTIFIER = sanctovali.TinkoffNews;
				PRODUCT_NAME = "$(TARGET_NAME)";
				SWIFT_VERSION = 5.0;
				TARGETED_DEVICE_FAMILY = "1,2";
			};
			name = Debug;
		};
		454545D222901DE70006132F /* Release */ = {
			isa = XCBuildConfiguration;
			buildSettings = {
				ASSETCATALOG_COMPILER_APPICON_NAME = AppIcon;
				CODE_SIGN_STYLE = Automatic;
				DEVELOPMENT_TEAM = 2ZG5VTK82Y;
				INFOPLIST_FILE = "$(SRCROOT)/TinkoffNews/Supporting Files/Info.plist";
				LD_RUNPATH_SEARCH_PATHS = (
					"$(inherited)",
					"@executable_path/Frameworks",
				);
				PRODUCT_BUNDLE_IDENTIFIER = sanctovali.TinkoffNews;
				PRODUCT_NAME = "$(TARGET_NAME)";
				SWIFT_VERSION = 5.0;
				TARGETED_DEVICE_FAMILY = "1,2";
			};
			name = Release;
		};
/* End XCBuildConfiguration section */

/* Begin XCConfigurationList section */
		454545B622901DE60006132F /* Build configuration list for PBXProject "TinkoffNews" */ = {
			isa = XCConfigurationList;
			buildConfigurations = (
				454545CE22901DE70006132F /* Debug */,
				454545CF22901DE70006132F /* Release */,
			);
			defaultConfigurationIsVisible = 0;
			defaultConfigurationName = Release;
		};
		454545D022901DE70006132F /* Build configuration list for PBXNativeTarget "TinkoffNews" */ = {
			isa = XCConfigurationList;
			buildConfigurations = (
				454545D122901DE70006132F /* Debug */,
				454545D222901DE70006132F /* Release */,
			);
			defaultConfigurationIsVisible = 0;
			defaultConfigurationName = Release;
		};
/* End XCConfigurationList section */

/* Begin XCVersionGroup section */
		454545C522901DE60006132F /* TinkoffNews.xcdatamodeld */ = {
			isa = XCVersionGroup;
			children = (
				454545C622901DE60006132F /* TinkoffNews.xcdatamodel */,
			);
			currentVersion = 454545C622901DE60006132F /* TinkoffNews.xcdatamodel */;
			path = TinkoffNews.xcdatamodeld;
			sourceTree = "<group>";
			versionGroupType = wrapper.xcdatamodel;
		};
/* End XCVersionGroup section */
	};
	rootObject = 454545B322901DE60006132F /* Project object */;
}
